
Microsoft Visual Studio Solution File, Format Version 12.00
# Visual Studio 15
VisualStudioVersion = 15.0.26124.0
MinimumVisualStudioVersion = 15.0.26124.0
Project("{FAE04EC0-301F-11D3-BF4B-00C04F79EFBC}") = "Domain", "Domain\Domain.csproj", "{2593F6D5-A8D5-4703-A149-A25D730A072C}"
EndProject
Project("{FAE04EC0-301F-11D3-BF4B-00C04F79EFBC}") = "Application", "Application\Application.csproj", "{104CC47B-87F4-4128-B18A-E0F339EB60B5}"
EndProject
Project("{FAE04EC0-301F-11D3-BF4B-00C04F79EFBC}") = "API", "API\API.csproj", "{06CA6511-D237-4787-8658-EF444BF39494}"
EndProject
Project("{FAE04EC0-301F-11D3-BF4B-00C04F79EFBC}") = "Persistence", "Persistence\Persistence.csproj", "{DFABC7D5-282E-43CC-8316-158EC44D0725}"
EndProject
Global
	GlobalSection(SolutionConfigurationPlatforms) = preSolution
		Debug|Any CPU = Debug|Any CPU
		Debug|x64 = Debug|x64
		Debug|x86 = Debug|x86
		Release|Any CPU = Release|Any CPU
		Release|x64 = Release|x64
		Release|x86 = Release|x86
	EndGlobalSection
	GlobalSection(SolutionProperties) = preSolution
		HideSolutionNode = FALSE
	EndGlobalSection
	GlobalSection(ProjectConfigurationPlatforms) = postSolution
		{2593F6D5-A8D5-4703-A149-A25D730A072C}.Debug|Any CPU.ActiveCfg = Debug|Any CPU
		{2593F6D5-A8D5-4703-A149-A25D730A072C}.Debug|Any CPU.Build.0 = Debug|Any CPU
		{2593F6D5-A8D5-4703-A149-A25D730A072C}.Debug|x64.ActiveCfg = Debug|Any CPU
		{2593F6D5-A8D5-4703-A149-A25D730A072C}.Debug|x64.Build.0 = Debug|Any CPU
		{2593F6D5-A8D5-4703-A149-A25D730A072C}.Debug|x86.ActiveCfg = Debug|Any CPU
		{2593F6D5-A8D5-4703-A149-A25D730A072C}.Debug|x86.Build.0 = Debug|Any CPU
		{2593F6D5-A8D5-4703-A149-A25D730A072C}.Release|Any CPU.ActiveCfg = Release|Any CPU
		{2593F6D5-A8D5-4703-A149-A25D730A072C}.Release|Any CPU.Build.0 = Release|Any CPU
		{2593F6D5-A8D5-4703-A149-A25D730A072C}.Release|x64.ActiveCfg = Release|Any CPU
		{2593F6D5-A8D5-4703-A149-A25D730A072C}.Release|x64.Build.0 = Release|Any CPU
		{2593F6D5-A8D5-4703-A149-A25D730A072C}.Release|x86.ActiveCfg = Release|Any CPU
		{2593F6D5-A8D5-4703-A149-A25D730A072C}.Release|x86.Build.0 = Release|Any CPU
		{104CC47B-87F4-4128-B18A-E0F339EB60B5}.Debug|Any CPU.ActiveCfg = Debug|Any CPU
		{104CC47B-87F4-4128-B18A-E0F339EB60B5}.Debug|Any CPU.Build.0 = Debug|Any CPU
		{104CC47B-87F4-4128-B18A-E0F339EB60B5}.Debug|x64.ActiveCfg = Debug|Any CPU
		{104CC47B-87F4-4128-B18A-E0F339EB60B5}.Debug|x64.Build.0 = Debug|Any CPU
		{104CC47B-87F4-4128-B18A-E0F339EB60B5}.Debug|x86.ActiveCfg = Debug|Any CPU
		{104CC47B-87F4-4128-B18A-E0F339EB60B5}.Debug|x86.Build.0 = Debug|Any CPU
		{104CC47B-87F4-4128-B18A-E0F339EB60B5}.Release|Any CPU.ActiveCfg = Release|Any CPU
		{104CC47B-87F4-4128-B18A-E0F339EB60B5}.Release|Any CPU.Build.0 = Release|Any CPU
		{104CC47B-87F4-4128-B18A-E0F339EB60B5}.Release|x64.ActiveCfg = Release|Any CPU
		{104CC47B-87F4-4128-B18A-E0F339EB60B5}.Release|x64.Build.0 = Release|Any CPU
		{104CC47B-87F4-4128-B18A-E0F339EB60B5}.Release|x86.ActiveCfg = Release|Any CPU
		{104CC47B-87F4-4128-B18A-E0F339EB60B5}.Release|x86.Build.0 = Release|Any CPU
		{06CA6511-D237-4787-8658-EF444BF39494}.Debug|Any CPU.ActiveCfg = Debug|Any CPU
		{06CA6511-D237-4787-8658-EF444BF39494}.Debug|Any CPU.Build.0 = Debug|Any CPU
		{06CA6511-D237-4787-8658-EF444BF39494}.Debug|x64.ActiveCfg = Debug|Any CPU
		{06CA6511-D237-4787-8658-EF444BF39494}.Debug|x64.Build.0 = Debug|Any CPU
		{06CA6511-D237-4787-8658-EF444BF39494}.Debug|x86.ActiveCfg = Debug|Any CPU
		{06CA6511-D237-4787-8658-EF444BF39494}.Debug|x86.Build.0 = Debug|Any CPU
		{06CA6511-D237-4787-8658-EF444BF39494}.Release|Any CPU.ActiveCfg = Release|Any CPU
		{06CA6511-D237-4787-8658-EF444BF39494}.Release|Any CPU.Build.0 = Release|Any CPU
		{06CA6511-D237-4787-8658-EF444BF39494}.Release|x64.ActiveCfg = Release|Any CPU
		{06CA6511-D237-4787-8658-EF444BF39494}.Release|x64.Build.0 = Release|Any CPU
		{06CA6511-D237-4787-8658-EF444BF39494}.Release|x86.ActiveCfg = Release|Any CPU
		{06CA6511-D237-4787-8658-EF444BF39494}.Release|x86.Build.0 = Release|Any CPU
		{DFABC7D5-282E-43CC-8316-158EC44D0725}.Debug|Any CPU.ActiveCfg = Debug|Any CPU
		{DFABC7D5-282E-43CC-8316-158EC44D0725}.Debug|Any CPU.Build.0 = Debug|Any CPU
		{DFABC7D5-282E-43CC-8316-158EC44D0725}.Debug|x64.ActiveCfg = Debug|Any CPU
		{DFABC7D5-282E-43CC-8316-158EC44D0725}.Debug|x64.Build.0 = Debug|Any CPU
		{DFABC7D5-282E-43CC-8316-158EC44D0725}.Debug|x86.ActiveCfg = Debug|Any CPU
		{DFABC7D5-282E-43CC-8316-158EC44D0725}.Debug|x86.Build.0 = Debug|Any CPU
		{DFABC7D5-282E-43CC-8316-158EC44D0725}.Release|Any CPU.ActiveCfg = Release|Any CPU
		{DFABC7D5-282E-43CC-8316-158EC44D0725}.Release|Any CPU.Build.0 = Release|Any CPU
		{DFABC7D5-282E-43CC-8316-158EC44D0725}.Release|x64.ActiveCfg = Release|Any CPU
		{DFABC7D5-282E-43CC-8316-158EC44D0725}.Release|x64.Build.0 = Release|Any CPU
		{DFABC7D5-282E-43CC-8316-158EC44D0725}.Release|x86.ActiveCfg = Release|Any CPU
		{DFABC7D5-282E-43CC-8316-158EC44D0725}.Release|x86.Build.0 = Release|Any CPU
	EndGlobalSection
EndGlobal
